{
  "name": "generate-lesson-content",
  "version": "1.0.0",
  "lockfileVersion": 3,
  "requires": true,
  "packages": {
    "": {
      "name": "generate-lesson-content",
      "version": "1.0.0",
      "license": "ISC",
      "dependencies": {
        "typechat": "^0.1.0"
      }
    },
    "node_modules/typechat": {
      "version": "0.1.0",
      "resolved": "https://registry.npmjs.org/typechat/-/typechat-0.1.0.tgz",
      "integrity": "sha512-1QeypvhyoXz/1DssDq8NbIzRHX3V20b+TWfrO7t4wd3o8OygcQO3Zo9MRNSBwK0Pyw+Fw6MmE/hOFi372gpvzA==",
      "engines": {
        "node": ">=18"
      },
      "peerDependencies": {
        "typescript": "^5.3.3",
        "zod": "^3.22.4"
      },
      "peerDependenciesMeta": {
        "typescript": {
          "optional": true
        },
        "zod": {
          "optional": true
        }
      }
    }
  }
}
